
Microsoft Visual Studio Solution File, Format Version 12.00
# Visual Studio Version 17
VisualStudioVersion = 17.2.32630.192
MinimumVisualStudioVersion = 10.0.40219.1
Project("{FAE04EC0-301F-11D3-BF4B-00C04F79EFBC}") = "Homework 2.3", "Homework 2.3\Homework 2.3.csproj", "{B9CD975E-52CA-4124-A17C-2B4A8FF712B6}"
EndProject
Global
	GlobalSection(SolutionConfigurationPlatforms) = preSolution
		Debug|Any CPU = Debug|Any CPU
		Release|Any CPU = Release|Any CPU
	EndGlobalSection
	GlobalSection(ProjectConfigurationPlatforms) = postSolution
		{B9CD975E-52CA-4124-A17C-2B4A8FF712B6}.Debug|Any CPU.ActiveCfg = Debug|Any CPU
		{B9CD975E-52CA-4124-A17C-2B4A8FF712B6}.Debug|Any CPU.Build.0 = Debug|Any CPU
		{B9CD975E-52CA-4124-A17C-2B4A8FF712B6}.Release|Any CPU.ActiveCfg = Release|Any CPU
		{B9CD975E-52CA-4124-A17C-2B4A8FF712B6}.Release|Any CPU.Build.0 = Release|Any CPU
	EndGlobalSection
	GlobalSection(SolutionProperties) = preSolution
		HideSolutionNode = FALSE
	EndGlobalSection
	GlobalSection(ExtensibilityGlobals) = postSolution
		SolutionGuid = {31FD992E-F31A-4A3E-96F7-F553F34B92DC}
	EndGlobalSection
EndGlobal
